
Microsoft Visual Studio Solution File, Format Version 12.00
# Visual Studio Version 17
VisualStudioVersion = 17.5.002.0
MinimumVisualStudioVersion = 10.0.40219.1
Project("{2150E333-8FDC-42A3-9474-1A3956D46DE8}") = "csharp-prep", "csharp-prep", "{D4059E85-8B2B-42E9-8642-1BA8DE052D8C}"
EndProject
Project("{9A19103F-16F7-4668-BE54-9A1E7A4F7556}") = "Prep1", "csharp-prep\Prep1\Prep1.csproj", "{344E05FC-B2CB-4AA7-9966-E028F9BC4E73}"
EndProject
Project("{9A19103F-16F7-4668-BE54-9A1E7A4F7556}") = "Prep2", "csharp-prep\Prep2\Prep2.csproj", "{9029BE68-88CB-470C-92B1-E016D59846E0}"
EndProject
Project("{9A19103F-16F7-4668-BE54-9A1E7A4F7556}") = "Prep3", "csharp-prep\Prep3\Prep3.csproj", "{FB2531CD-490B-49A8-8FC2-480E69841E3E}"
EndProject
Project("{9A19103F-16F7-4668-BE54-9A1E7A4F7556}") = "Prep4", "csharp-prep\Prep4\Prep4.csproj", "{5C405A76-38F9-4846-9D97-386549B88579}"
EndProject
Project("{9A19103F-16F7-4668-BE54-9A1E7A4F7556}") = "Prep5", "csharp-prep\Prep5\Prep5.csproj", "{A2627A97-B1D5-489D-A5AA-E83522E8CC14}"
EndProject
Project("{2150E333-8FDC-42A3-9474-1A3956D46DE8}") = "final", "final", "{C8803740-E949-44D0-B8D3-C8396C34D99E}"
EndProject
Project("{9A19103F-16F7-4668-BE54-9A1E7A4F7556}") = "FinalProject", "final\FinalProject\FinalProject.csproj", "{C70EE674-B74F-4696-9AE9-33EE7A6FCE19}"
EndProject
Project("{9A19103F-16F7-4668-BE54-9A1E7A4F7556}") = "Foundation1", "final\Foundation1\Foundation1.csproj", "{DF4B37BA-5738-4B19-A5BD-580FD0E60738}"
EndProject
Project("{9A19103F-16F7-4668-BE54-9A1E7A4F7556}") = "Foundation2", "final\Foundation2\Foundation2.csproj", "{E40E7A0C-4489-4E85-8491-D63A537598D6}"
EndProject
Project("{9A19103F-16F7-4668-BE54-9A1E7A4F7556}") = "Foundation3", "final\Foundation3\Foundation3.csproj", "{D9DCE3FD-E965-443A-A1AA-3F80D6FC3D9B}"
EndProject
Project("{9A19103F-16F7-4668-BE54-9A1E7A4F7556}") = "Foundation4", "final\Foundation4\Foundation4.csproj", "{F8172D92-F8B8-42D7-BFA7-91EC08697128}"
EndProject
Project("{2150E333-8FDC-42A3-9474-1A3956D46DE8}") = "prepare", "prepare", "{4679E08A-FED2-4120-B0D1-9091486C85BE}"
EndProject
Project("{9A19103F-16F7-4668-BE54-9A1E7A4F7556}") = "Learning02", "prepare\Learning02\Learning02.csproj", "{E3709029-B692-4213-8F41-CF10CCCE3F67}"
EndProject
Project("{9A19103F-16F7-4668-BE54-9A1E7A4F7556}") = "Learning03", "prepare\Learning03\Learning03.csproj", "{1E03FF74-673B-4452-9054-B3ED3B8270C2}"
EndProject
Project("{9A19103F-16F7-4668-BE54-9A1E7A4F7556}") = "Learning04", "prepare\Learning04\Learning04.csproj", "{00BB08DA-FCD6-42C5-ADC9-E3FCDE491C2F}"
EndProject
Project("{9A19103F-16F7-4668-BE54-9A1E7A4F7556}") = "Learning05", "prepare\Learning05\Learning05.csproj", "{F4675D73-3A00-4B41-83AE-3BD12B8E3AFA}"
EndProject
Project("{2150E333-8FDC-42A3-9474-1A3956D46DE8}") = "prove", "prove", "{94B5EC0E-B0FF-4594-AD39-881183A21641}"
EndProject
Project("{9A19103F-16F7-4668-BE54-9A1E7A4F7556}") = "Develop02", "prove\Develop02\Develop02.csproj", "{C5DD684A-28D2-49C4-91F9-C59A4C82C59B}"
EndProject
Project("{9A19103F-16F7-4668-BE54-9A1E7A4F7556}") = "Develop03", "prove\Develop03\Develop03.csproj", "{19C74CF2-91DA-44E0-B481-711526E1F30D}"
EndProject
Project("{9A19103F-16F7-4668-BE54-9A1E7A4F7556}") = "Develop04", "prove\Develop04\Develop04.csproj", "{1D377669-3682-49D5-B1A0-A92DD569A619}"
EndProject
Project("{9A19103F-16F7-4668-BE54-9A1E7A4F7556}") = "Develop05", "prove\Develop05\Develop05.csproj", "{633E07AE-772D-4382-A25E-FDE2627575BB}"
EndProject
Project("{2150E333-8FDC-42A3-9474-1A3956D46DE8}") = "sandbox", "sandbox", "{87D62F97-DC42-43A3-B10B-C9277CA50C36}"
EndProject
Project("{9A19103F-16F7-4668-BE54-9A1E7A4F7556}") = "Sandbox", "sandbox\Sandbox\Sandbox.csproj", "{6D5BB40B-4D53-4348-823E-CF1B274CCD37}"
EndProject
Global
	GlobalSection(SolutionConfigurationPlatforms) = preSolution
		Debug|Any CPU = Debug|Any CPU
		Release|Any CPU = Release|Any CPU
	EndGlobalSection
	GlobalSection(ProjectConfigurationPlatforms) = postSolution
		{344E05FC-B2CB-4AA7-9966-E028F9BC4E73}.Debug|Any CPU.ActiveCfg = Debug|Any CPU
		{344E05FC-B2CB-4AA7-9966-E028F9BC4E73}.Debug|Any CPU.Build.0 = Debug|Any CPU
		{344E05FC-B2CB-4AA7-9966-E028F9BC4E73}.Release|Any CPU.ActiveCfg = Release|Any CPU
		{344E05FC-B2CB-4AA7-9966-E028F9BC4E73}.Release|Any CPU.Build.0 = Release|Any CPU
		{9029BE68-88CB-470C-92B1-E016D59846E0}.Debug|Any CPU.ActiveCfg = Debug|Any CPU
		{9029BE68-88CB-470C-92B1-E016D59846E0}.Debug|Any CPU.Build.0 = Debug|Any CPU
		{9029BE68-88CB-470C-92B1-E016D59846E0}.Release|Any CPU.ActiveCfg = Release|Any CPU
		{9029BE68-88CB-470C-92B1-E016D59846E0}.Release|Any CPU.Build.0 = Release|Any CPU
		{FB2531CD-490B-49A8-8FC2-480E69841E3E}.Debug|Any CPU.ActiveCfg = Debug|Any CPU
		{FB2531CD-490B-49A8-8FC2-480E69841E3E}.Debug|Any CPU.Build.0 = Debug|Any CPU
		{FB2531CD-490B-49A8-8FC2-480E69841E3E}.Release|Any CPU.ActiveCfg = Release|Any CPU
		{FB2531CD-490B-49A8-8FC2-480E69841E3E}.Release|Any CPU.Build.0 = Release|Any CPU
		{5C405A76-38F9-4846-9D97-386549B88579}.Debug|Any CPU.ActiveCfg = Debug|Any CPU
		{5C405A76-38F9-4846-9D97-386549B88579}.Debug|Any CPU.Build.0 = Debug|Any CPU
		{5C405A76-38F9-4846-9D97-386549B88579}.Release|Any CPU.ActiveCfg = Release|Any CPU
		{5C405A76-38F9-4846-9D97-386549B88579}.Release|Any CPU.Build.0 = Release|Any CPU
		{A2627A97-B1D5-489D-A5AA-E83522E8CC14}.Debug|Any CPU.ActiveCfg = Debug|Any CPU
		{A2627A97-B1D5-489D-A5AA-E83522E8CC14}.Debug|Any CPU.Build.0 = Debug|Any CPU
		{A2627A97-B1D5-489D-A5AA-E83522E8CC14}.Release|Any CPU.ActiveCfg = Release|Any CPU
		{A2627A97-B1D5-489D-A5AA-E83522E8CC14}.Release|Any CPU.Build.0 = Release|Any CPU
		{C70EE674-B74F-4696-9AE9-33EE7A6FCE19}.Debug|Any CPU.ActiveCfg = Debug|Any CPU
		{C70EE674-B74F-4696-9AE9-33EE7A6FCE19}.Debug|Any CPU.Build.0 = Debug|Any CPU
		{C70EE674-B74F-4696-9AE9-33EE7A6FCE19}.Release|Any CPU.ActiveCfg = Release|Any CPU
		{C70EE674-B74F-4696-9AE9-33EE7A6FCE19}.Release|Any CPU.Build.0 = Release|Any CPU
		{DF4B37BA-5738-4B19-A5BD-580FD0E60738}.Debug|Any CPU.ActiveCfg = Debug|Any CPU
		{DF4B37BA-5738-4B19-A5BD-580FD0E60738}.Debug|Any CPU.Build.0 = Debug|Any CPU
		{DF4B37BA-5738-4B19-A5BD-580FD0E60738}.Release|Any CPU.ActiveCfg = Release|Any CPU
		{DF4B37BA-5738-4B19-A5BD-580FD0E60738}.Release|Any CPU.Build.0 = Release|Any CPU
		{E40E7A0C-4489-4E85-8491-D63A537598D6}.Debug|Any CPU.ActiveCfg = Debug|Any CPU
		{E40E7A0C-4489-4E85-8491-D63A537598D6}.Debug|Any CPU.Build.0 = Debug|Any CPU
		{E40E7A0C-4489-4E85-8491-D63A537598D6}.Release|Any CPU.ActiveCfg = Release|Any CPU
		{E40E7A0C-4489-4E85-8491-D63A537598D6}.Release|Any CPU.Build.0 = Release|Any CPU
		{D9DCE3FD-E965-443A-A1AA-3F80D6FC3D9B}.Debug|Any CPU.ActiveCfg = Debug|Any CPU
		{D9DCE3FD-E965-443A-A1AA-3F80D6FC3D9B}.Debug|Any CPU.Build.0 = Debug|Any CPU
		{D9DCE3FD-E965-443A-A1AA-3F80D6FC3D9B}.Release|Any CPU.ActiveCfg = Release|Any CPU
		{D9DCE3FD-E965-443A-A1AA-3F80D6FC3D9B}.Release|Any CPU.Build.0 = Release|Any CPU
		{F8172D92-F8B8-42D7-BFA7-91EC08697128}.Debug|Any CPU.ActiveCfg = Debug|Any CPU
		{F8172D92-F8B8-42D7-BFA7-91EC08697128}.Debug|Any CPU.Build.0 = Debug|Any CPU
		{F8172D92-F8B8-42D7-BFA7-91EC08697128}.Release|Any CPU.ActiveCfg = Release|Any CPU
		{F8172D92-F8B8-42D7-BFA7-91EC08697128}.Release|Any CPU.Build.0 = Release|Any CPU
		{E3709029-B692-4213-8F41-CF10CCCE3F67}.Debug|Any CPU.ActiveCfg = Debug|Any CPU
		{E3709029-B692-4213-8F41-CF10CCCE3F67}.Debug|Any CPU.Build.0 = Debug|Any CPU
		{E3709029-B692-4213-8F41-CF10CCCE3F67}.Release|Any CPU.ActiveCfg = Release|Any CPU
		{E3709029-B692-4213-8F41-CF10CCCE3F67}.Release|Any CPU.Build.0 = Release|Any CPU
		{1E03FF74-673B-4452-9054-B3ED3B8270C2}.Debug|Any CPU.ActiveCfg = Debug|Any CPU
		{1E03FF74-673B-4452-9054-B3ED3B8270C2}.Debug|Any CPU.Build.0 = Debug|Any CPU
		{1E03FF74-673B-4452-9054-B3ED3B8270C2}.Release|Any CPU.ActiveCfg = Release|Any CPU
		{1E03FF74-673B-4452-9054-B3ED3B8270C2}.Release|Any CPU.Build.0 = Release|Any CPU
		{00BB08DA-FCD6-42C5-ADC9-E3FCDE491C2F}.Debug|Any CPU.ActiveCfg = Debug|Any CPU
		{00BB08DA-FCD6-42C5-ADC9-E3FCDE491C2F}.Debug|Any CPU.Build.0 = Debug|Any CPU
		{00BB08DA-FCD6-42C5-ADC9-E3FCDE491C2F}.Release|Any CPU.ActiveCfg = Release|Any CPU
		{00BB08DA-FCD6-42C5-ADC9-E3FCDE491C2F}.Release|Any CPU.Build.0 = Release|Any CPU
		{F4675D73-3A00-4B41-83AE-3BD12B8E3AFA}.Debug|Any CPU.ActiveCfg = Debug|Any CPU
		{F4675D73-3A00-4B41-83AE-3BD12B8E3AFA}.Debug|Any CPU.Build.0 = Debug|Any CPU
		{F4675D73-3A00-4B41-83AE-3BD12B8E3AFA}.Release|Any CPU.ActiveCfg = Release|Any CPU
		{F4675D73-3A00-4B41-83AE-3BD12B8E3AFA}.Release|Any CPU.Build.0 = Release|Any CPU
		{C5DD684A-28D2-49C4-91F9-C59A4C82C59B}.Debug|Any CPU.ActiveCfg = Debug|Any CPU
		{C5DD684A-28D2-49C4-91F9-C59A4C82C59B}.Debug|Any CPU.Build.0 = Debug|Any CPU
		{C5DD684A-28D2-49C4-91F9-C59A4C82C59B}.Release|Any CPU.ActiveCfg = Release|Any CPU
		{C5DD684A-28D2-49C4-91F9-C59A4C82C59B}.Release|Any CPU.Build.0 = Release|Any CPU
		{19C74CF2-91DA-44E0-B481-711526E1F30D}.Debug|Any CPU.ActiveCfg = Debug|Any CPU
		{19C74CF2-91DA-44E0-B481-711526E1F30D}.Debug|Any CPU.Build.0 = Debug|Any CPU
		{19C74CF2-91DA-44E0-B481-711526E1F30D}.Release|Any CPU.ActiveCfg = Release|Any CPU
		{19C74CF2-91DA-44E0-B481-711526E1F30D}.Release|Any CPU.Build.0 = Release|Any CPU
		{1D377669-3682-49D5-B1A0-A92DD569A619}.Debug|Any CPU.ActiveCfg = Debug|Any CPU
		{1D377669-3682-49D5-B1A0-A92DD569A619}.Debug|Any CPU.Build.0 = Debug|Any CPU
		{1D377669-3682-49D5-B1A0-A92DD569A619}.Release|Any CPU.ActiveCfg = Release|Any CPU
		{1D377669-3682-49D5-B1A0-A92DD569A619}.Release|Any CPU.Build.0 = Release|Any CPU
		{633E07AE-772D-4382-A25E-FDE2627575BB}.Debug|Any CPU.ActiveCfg = Debug|Any CPU
		{633E07AE-772D-4382-A25E-FDE2627575BB}.Debug|Any CPU.Build.0 = Debug|Any CPU
		{633E07AE-772D-4382-A25E-FDE2627575BB}.Release|Any CPU.ActiveCfg = Release|Any CPU
		{633E07AE-772D-4382-A25E-FDE2627575BB}.Release|Any CPU.Build.0 = Release|Any CPU
		{6D5BB40B-4D53-4348-823E-CF1B274CCD37}.Debug|Any CPU.ActiveCfg = Debug|Any CPU
		{6D5BB40B-4D53-4348-823E-CF1B274CCD37}.Debug|Any CPU.Build.0 = Debug|Any CPU
		{6D5BB40B-4D53-4348-823E-CF1B274CCD37}.Release|Any CPU.ActiveCfg = Release|Any CPU
		{6D5BB40B-4D53-4348-823E-CF1B274CCD37}.Release|Any CPU.Build.0 = Release|Any CPU
	EndGlobalSection
	GlobalSection(SolutionProperties) = preSolution
		HideSolutionNode = FALSE
	EndGlobalSection
	GlobalSection(NestedProjects) = preSolution
		{344E05FC-B2CB-4AA7-9966-E028F9BC4E73} = {D4059E85-8B2B-42E9-8642-1BA8DE052D8C}
		{9029BE68-88CB-470C-92B1-E016D59846E0} = {D4059E85-8B2B-42E9-8642-1BA8DE052D8C}
		{FB2531CD-490B-49A8-8FC2-480E69841E3E} = {D4059E85-8B2B-42E9-8642-1BA8DE052D8C}
		{5C405A76-38F9-4846-9D97-386549B88579} = {D4059E85-8B2B-42E9-8642-1BA8DE052D8C}
		{A2627A97-B1D5-489D-A5AA-E83522E8CC14} = {D4059E85-8B2B-42E9-8642-1BA8DE052D8C}
		{C70EE674-B74F-4696-9AE9-33EE7A6FCE19} = {C8803740-E949-44D0-B8D3-C8396C34D99E}
		{DF4B37BA-5738-4B19-A5BD-580FD0E60738} = {C8803740-E949-44D0-B8D3-C8396C34D99E}
		{E40E7A0C-4489-4E85-8491-D63A537598D6} = {C8803740-E949-44D0-B8D3-C8396C34D99E}
		{D9DCE3FD-E965-443A-A1AA-3F80D6FC3D9B} = {C8803740-E949-44D0-B8D3-C8396C34D99E}
		{F8172D92-F8B8-42D7-BFA7-91EC08697128} = {C8803740-E949-44D0-B8D3-C8396C34D99E}
		{E3709029-B692-4213-8F41-CF10CCCE3F67} = {4679E08A-FED2-4120-B0D1-9091486C85BE}
		{1E03FF74-673B-4452-9054-B3ED3B8270C2} = {4679E08A-FED2-4120-B0D1-9091486C85BE}
		{00BB08DA-FCD6-42C5-ADC9-E3FCDE491C2F} = {4679E08A-FED2-4120-B0D1-9091486C85BE}
		{F4675D73-3A00-4B41-83AE-3BD12B8E3AFA} = {4679E08A-FED2-4120-B0D1-9091486C85BE}
		{C5DD684A-28D2-49C4-91F9-C59A4C82C59B} = {94B5EC0E-B0FF-4594-AD39-881183A21641}
		{19C74CF2-91DA-44E0-B481-711526E1F30D} = {94B5EC0E-B0FF-4594-AD39-881183A21641}
		{1D377669-3682-49D5-B1A0-A92DD569A619} = {94B5EC0E-B0FF-4594-AD39-881183A21641}
		{633E07AE-772D-4382-A25E-FDE2627575BB} = {94B5EC0E-B0FF-4594-AD39-881183A21641}
		{6D5BB40B-4D53-4348-823E-CF1B274CCD37} = {87D62F97-DC42-43A3-B10B-C9277CA50C36}
	EndGlobalSection
	GlobalSection(ExtensibilityGlobals) = postSolution
		SolutionGuid = {75781F21-9ABC-4CD4-BCFE-A5FD57D0826C}
	EndGlobalSection
EndGlobal
